
Microsoft Visual Studio Solution File, Format Version 12.00
# Visual Studio Version 17
VisualStudioVersion = 17.13.35825.156
MinimumVisualStudioVersion = 10.0.40219.1
Project("{FAE04EC0-301F-11D3-BF4B-00C04F79EFBC}") = "UserService", "UserService\UserService.csproj", "{E0A48696-DE87-4DFE-8FFE-6CB7076CE3CB}"
EndProject
Project("{FAE04EC0-301F-11D3-BF4B-00C04F79EFBC}") = "ProductService", "ProductService\ProductService.csproj", "{5FA437C1-E5A9-496A-9DE9-8AD8DCA3EF3C}"
EndProject
Project("{FAE04EC0-301F-11D3-BF4B-00C04F79EFBC}") = "CartService", "CartService\CartService.csproj", "{874E4DEB-3634-84B4-A85F-657994C57B98}"
EndProject
Project("{FAE04EC0-301F-11D3-BF4B-00C04F79EFBC}") = "OrderService", "OrderService\OrderService.csproj", "{9945186F-3C7C-4F67-A81B-168667EB6642}"
EndProject
Project("{FAE04EC0-301F-11D3-BF4B-00C04F79EFBC}") = "ChatService", "ChatService\ChatService.csproj", "{68F8D5BC-4E78-4BF8-B7F0-3FBBF36B6AE2}"
EndProject
Project("{FAE04EC0-301F-11D3-BF4B-00C04F79EFBC}") = "NotificationService", "NotificationService\NotificationService.csproj", "{54F36401-9D6C-47E2-B115-CA3797AC7C51}"
EndProject
Global
	GlobalSection(SolutionConfigurationPlatforms) = preSolution
		Debug|Any CPU = Debug|Any CPU
		Release|Any CPU = Release|Any CPU
	EndGlobalSection
	GlobalSection(ProjectConfigurationPlatforms) = postSolution
		{E0A48696-DE87-4DFE-8FFE-6CB7076CE3CB}.Debug|Any CPU.ActiveCfg = Debug|Any CPU
		{E0A48696-DE87-4DFE-8FFE-6CB7076CE3CB}.Debug|Any CPU.Build.0 = Debug|Any CPU
		{E0A48696-DE87-4DFE-8FFE-6CB7076CE3CB}.Release|Any CPU.ActiveCfg = Release|Any CPU
		{E0A48696-DE87-4DFE-8FFE-6CB7076CE3CB}.Release|Any CPU.Build.0 = Release|Any CPU
		{5FA437C1-E5A9-496A-9DE9-8AD8DCA3EF3C}.Debug|Any CPU.ActiveCfg = Debug|Any CPU
		{5FA437C1-E5A9-496A-9DE9-8AD8DCA3EF3C}.Debug|Any CPU.Build.0 = Debug|Any CPU
		{5FA437C1-E5A9-496A-9DE9-8AD8DCA3EF3C}.Release|Any CPU.ActiveCfg = Release|Any CPU
		{5FA437C1-E5A9-496A-9DE9-8AD8DCA3EF3C}.Release|Any CPU.Build.0 = Release|Any CPU
		{874E4DEB-3634-84B4-A85F-657994C57B98}.Debug|Any CPU.ActiveCfg = Debug|Any CPU
		{874E4DEB-3634-84B4-A85F-657994C57B98}.Debug|Any CPU.Build.0 = Debug|Any CPU
		{874E4DEB-3634-84B4-A85F-657994C57B98}.Release|Any CPU.ActiveCfg = Release|Any CPU
		{874E4DEB-3634-84B4-A85F-657994C57B98}.Release|Any CPU.Build.0 = Release|Any CPU
		{9945186F-3C7C-4F67-A81B-168667EB6642}.Debug|Any CPU.ActiveCfg = Debug|Any CPU
		{9945186F-3C7C-4F67-A81B-168667EB6642}.Debug|Any CPU.Build.0 = Debug|Any CPU
		{9945186F-3C7C-4F67-A81B-168667EB6642}.Release|Any CPU.ActiveCfg = Release|Any CPU
		{9945186F-3C7C-4F67-A81B-168667EB6642}.Release|Any CPU.Build.0 = Release|Any CPU
		{68F8D5BC-4E78-4BF8-B7F0-3FBBF36B6AE2}.Debug|Any CPU.ActiveCfg = Debug|Any CPU
		{68F8D5BC-4E78-4BF8-B7F0-3FBBF36B6AE2}.Debug|Any CPU.Build.0 = Debug|Any CPU
		{68F8D5BC-4E78-4BF8-B7F0-3FBBF36B6AE2}.Release|Any CPU.ActiveCfg = Release|Any CPU
		{68F8D5BC-4E78-4BF8-B7F0-3FBBF36B6AE2}.Release|Any CPU.Build.0 = Release|Any CPU
		{54F36401-9D6C-47E2-B115-CA3797AC7C51}.Debug|Any CPU.ActiveCfg = Debug|Any CPU
		{54F36401-9D6C-47E2-B115-CA3797AC7C51}.Debug|Any CPU.Build.0 = Debug|Any CPU
		{54F36401-9D6C-47E2-B115-CA3797AC7C51}.Release|Any CPU.ActiveCfg = Release|Any CPU
		{54F36401-9D6C-47E2-B115-CA3797AC7C51}.Release|Any CPU.Build.0 = Release|Any CPU
	EndGlobalSection
	GlobalSection(SolutionProperties) = preSolution
		HideSolutionNode = FALSE
	EndGlobalSection
	GlobalSection(ExtensibilityGlobals) = postSolution
		SolutionGuid = {D55DD79A-3E73-4F97-92BC-9242B9A0AAEE}
	EndGlobalSection
EndGlobal
